{
  "name": "create-neonix",
  "version": "1.0.1",
  "lockfileVersion": 3,
  "requires": true,
  "packages": {
    "": {
      "name": "create-neonix",
      "version": "1.0.1",
      "bin": {
        "create-neonix": "bin/create-neonix.mjs"
      },
      "engines": {
        "node": ">=20"
      }
    }
  }
}
